
Microsoft Visual Studio Solution File, Format Version 12.00
# Visual Studio 15
VisualStudioVersion = 15.0.28010.2036
MinimumVisualStudioVersion = 10.0.40219.1
Project("{FAE04EC0-301F-11D3-BF4B-00C04F79EFBC}") = "LTM.School", "LTM.School\LTM.School.csproj", "{09090ECF-9740-42B8-8D37-A9396271E2D0}"
EndProject
Global
	GlobalSection(SolutionConfigurationPlatforms) = preSolution
		Debug|Any CPU = Debug|Any CPU
		Release|Any CPU = Release|Any CPU
	EndGlobalSection
	GlobalSection(ProjectConfigurationPlatforms) = postSolution
		{09090ECF-9740-42B8-8D37-A9396271E2D0}.Debug|Any CPU.ActiveCfg = Debug|Any CPU
		{09090ECF-9740-42B8-8D37-A9396271E2D0}.Debug|Any CPU.Build.0 = Debug|Any CPU
		{09090ECF-9740-42B8-8D37-A9396271E2D0}.Release|Any CPU.ActiveCfg = Release|Any CPU
		{09090ECF-9740-42B8-8D37-A9396271E2D0}.Release|Any CPU.Build.0 = Release|Any CPU
	EndGlobalSection
	GlobalSection(SolutionProperties) = preSolution
		HideSolutionNode = FALSE
	EndGlobalSection
	GlobalSection(ExtensibilityGlobals) = postSolution
		SolutionGuid = {FBA96481-75D0-4A4C-8D4A-80BE760C3CEC}
	EndGlobalSection
EndGlobal
